
Microsoft Visual Studio Solution File, Format Version 12.00
# Visual Studio Version 17
VisualStudioVersion = 17.8.34330.188
MinimumVisualStudioVersion = 10.0.40219.1
Project("{FAE04EC0-301F-11D3-BF4B-00C04F79EFBC}") = "QuickCopypaster", "QuickCopypaster\QuickCopypaster.csproj", "{80B35B83-3132-4505-BE11-AD33E654E25D}"
EndProject
Global
	GlobalSection(SolutionConfigurationPlatforms) = preSolution
		Debug|Any CPU = Debug|Any CPU
		Release|Any CPU = Release|Any CPU
	EndGlobalSection
	GlobalSection(ProjectConfigurationPlatforms) = postSolution
		{80B35B83-3132-4505-BE11-AD33E654E25D}.Debug|Any CPU.ActiveCfg = Debug|Any CPU
		{80B35B83-3132-4505-BE11-AD33E654E25D}.Debug|Any CPU.Build.0 = Debug|Any CPU
		{80B35B83-3132-4505-BE11-AD33E654E25D}.Release|Any CPU.ActiveCfg = Release|Any CPU
		{80B35B83-3132-4505-BE11-AD33E654E25D}.Release|Any CPU.Build.0 = Release|Any CPU
	EndGlobalSection
	GlobalSection(SolutionProperties) = preSolution
		HideSolutionNode = FALSE
	EndGlobalSection
	GlobalSection(ExtensibilityGlobals) = postSolution
		SolutionGuid = {AFB783BF-B7DB-45D6-9980-A6EFE7E318D9}
	EndGlobalSection
EndGlobal
